// !$*UTF8*$!
{
	archiveVersion = 1;
	classes = {
	};
	objectVersion = 46;
	objects = {

/* Begin PBXBuildFile section */
		53BE6B4A1A369ADD0022216E /* Foundation.framework in Frameworks */ = {isa = PBXBuildFile; fileRef = 53BE6B491A369ADD0022216E /* Foundation.framework */; };
		53BE6B4C1A369ADD0022216E /* CoreGraphics.framework in Frameworks */ = {isa = PBXBuildFile; fileRef = 53BE6B4B1A369ADD0022216E /* CoreGraphics.framework */; };
		53BE6B4E1A369ADD0022216E /* UIKit.framework in Frameworks */ = {isa = PBXBuildFile; fileRef = 53BE6B4D1A369ADD0022216E /* UIKit.framework */; };
		53BE6B541A369ADD0022216E /* InfoPlist.strings in Resources */ = {isa = PBXBuildFile; fileRef = 53BE6B521A369ADD0022216E /* InfoPlist.strings */; };
		53BE6B561A369ADD0022216E /* main.m in Sources */ = {isa = PBXBuildFile; fileRef = 53BE6B551A369ADD0022216E /* main.m */; };
		53BE6B5A1A369ADD0022216E /* AppDelegate.m in Sources */ = {isa = PBXBuildFile; fileRef = 53BE6B591A369ADD0022216E /* AppDelegate.m */; };
		53BE6B5C1A369ADD0022216E /* Images.xcassets in Resources */ = {isa = PBXBuildFile; fileRef = 53BE6B5B1A369ADD0022216E /* Images.xcassets */; };
		53BE6B631A369ADD0022216E /* XCTest.framework in Frameworks */ = {isa = PBXBuildFile; fileRef = 53BE6B621A369ADD0022216E /* XCTest.framework */; };
		53BE6B641A369ADD0022216E /* Foundation.framework in Frameworks */ = {isa = PBXBuildFile; fileRef = 53BE6B491A369ADD0022216E /* Foundation.framework */; };
		53BE6B651A369ADD0022216E /* UIKit.framework in Frameworks */ = {isa = PBXBuildFile; fileRef = 53BE6B4D1A369ADD0022216E /* UIKit.framework */; };
		53BE6B6D1A369ADD0022216E /* InfoPlist.strings in Resources */ = {isa = PBXBuildFile; fileRef = 53BE6B6B1A369ADD0022216E /* InfoPlist.strings */; };
		53BE6B6F1A369ADD0022216E /* _048__Tests.m in Sources */ = {isa = PBXBuildFile; fileRef = 53BE6B6E1A369ADD0022216E /* _048__Tests.m */; };
/* End PBXBuildFile section */

/* Begin PBXContainerItemProxy section */
		53BE6B661A369ADD0022216E /* PBXContainerItemProxy */ = {
			isa = PBXContainerItemProxy;
			containerPortal = 53BE6B3E1A369ADD0022216E /* Project object */;
			proxyType = 1;
			remoteGlobalIDString = 53BE6B451A369ADD0022216E;
			remoteInfo = "2048游戏";
		};
/* End PBXContainerItemProxy section */

/* Begin PBXFileReference section */
		53BE6B461A369ADD0022216E /* 2048游戏.app */ = {isa = PBXFileReference; explicitFileType = wrapper.application; includeInIndex = 0; path = "2048游戏.app"; sourceTree = BUILT_PRODUCTS_DIR; };
		53BE6B491A369ADD0022216E /* Foundation.framework */ = {isa = PBXFileReference; lastKnownFileType = wrapper.framework; name = Foundation.framework; path = System/Library/Frameworks/Foundation.framework; sourceTree = SDKROOT; };
		53BE6B4B1A369ADD0022216E /* CoreGraphics.framework */ = {isa = PBXFileReference; lastKnownFileType = wrapper.framework; name = CoreGraphics.framework; path = System/Library/Frameworks/CoreGraphics.framework; sourceTree = SDKROOT; };
		53BE6B4D1A369ADD0022216E /* UIKit.framework */ = {isa = PBXFileReference; lastKnownFileType = wrapper.framework; name = UIKit.framework; path = System/Library/Frameworks/UIKit.framework; sourceTree = SDKROOT; };
		53BE6B511A369ADD0022216E /* 2048游戏-Info.plist */ = {isa = PBXFileReference; lastKnownFileType = text.plist.xml; path = "2048游戏-Info.plist"; sourceTree = "<group>"; };
		53BE6B531A369ADD0022216E /* en */ = {isa = PBXFileReference; lastKnownFileType = text.plist.strings; name = en; path = en.lproj/InfoPlist.strings; sourceTree = "<group>"; };
		53BE6B551A369ADD0022216E /* main.m */ = {isa = PBXFileReference; lastKnownFileType = sourcecode.c.objc; path = main.m; sourceTree = "<group>"; };
		53BE6B571A369ADD0022216E /* 2048游戏-Prefix.pch */ = {isa = PBXFileReference; lastKnownFileType = sourcecode.c.h; path = "2048游戏-Prefix.pch"; sourceTree = "<group>"; };
		53BE6B581A369ADD0022216E /* AppDelegate.h */ = {isa = PBXFileReference; lastKnownFileType = sourcecode.c.h; path = AppDelegate.h; sourceTree = "<group>"; };
		53BE6B591A369ADD0022216E /* AppDelegate.m */ = {isa = PBXFileReference; lastKnownFileType = sourcecode.c.objc; path = AppDelegate.m; sourceTree = "<group>"; };
		53BE6B5B1A369ADD0022216E /* Images.xcassets */ = {isa = PBXFileReference; lastKnownFileType = folder.assetcatalog; path = Images.xcassets; sourceTree = "<group>"; };
		53BE6B611A369ADD0022216E /* 2048游戏Tests.xctest */ = {isa = PBXFileReference; explicitFileType = wrapper.cfbundle; includeInIndex = 0; path = "2048游戏Tests.xctest"; sourceTree = BUILT_PRODUCTS_DIR; };
		53BE6B621A369ADD0022216E /* XCTest.framework */ = {isa = PBXFileReference; lastKnownFileType = wrapper.framework; name = XCTest.framework; path = Library/Frameworks/XCTest.framework; sourceTree = DEVELOPER_DIR; };
		53BE6B6A1A369ADD0022216E /* 2048游戏Tests-Info.plist */ = {isa = PBXFileReference; lastKnownFileType = text.plist.xml; path = "2048游戏Tests-Info.plist"; sourceTree = "<group>"; };
		53BE6B6C1A369ADD0022216E /* en */ = {isa = PBXFileReference; lastKnownFileType = text.plist.strings; name = en; path = en.lproj/InfoPlist.strings; sourceTree = "<group>"; };
		53BE6B6E1A369ADD0022216E /* _048__Tests.m */ = {isa = PBXFileReference; lastKnownFileType = sourcecode.c.objc; path = _048__Tests.m; sourceTree = "<group>"; };
/* End PBXFileReference section */

/* Begin PBXFrameworksBuildPhase section */
		53BE6B431A369ADD0022216E /* Frameworks */ = {
			isa = PBXFrameworksBuildPhase;
			buildActionMask = 2147483647;
			files = (
				53BE6B4C1A369ADD0022216E /* CoreGraphics.framework in Frameworks */,
				53BE6B4E1A369ADD0022216E /* UIKit.framework in Frameworks */,
				53BE6B4A1A369ADD0022216E /* Foundation.framework in Frameworks */,
			);
			runOnlyForDeploymentPostprocessing = 0;
		};
		53BE6B5E1A369ADD0022216E /* Frameworks */ = {
			isa = PBXFrameworksBuildPhase;
			buildActionMask = 2147483647;
			files = (
				53BE6B631A369ADD0022216E /* XCTest.framework in Frameworks */,
				53BE6B651A369ADD0022216E /* UIKit.framework in Frameworks */,
				53BE6B641A369ADD0022216E /* Foundation.framework in Frameworks */,
			);
			runOnlyForDeploymentPostprocessing = 0;
		};
/* End PBXFrameworksBuildPhase section */

/* Begin PBXGroup section */
		53BE6B3D1A369ADD0022216E = {
			isa = PBXGroup;
			children = (
				53BE6B4F1A369ADD0022216E /* 2048游戏 */,
				53BE6B681A369ADD0022216E /* 2048游戏Tests */,
				53BE6B481A369ADD0022216E /* Frameworks */,
				53BE6B471A369ADD0022216E /* Products */,
			);
			sourceTree = "<group>";
		};
		53BE6B471A369ADD0022216E /* Products */ = {
			isa = PBXGroup;
			children = (
				53BE6B461A369ADD0022216E /* 2048游戏.app */,
				53BE6B611A369ADD0022216E /* 2048游戏Tests.xctest */,
			);
			name = Products;
			sourceTree = "<group>";
		};
		53BE6B481A369ADD0022216E /* Frameworks */ = {
			isa = PBXGroup;
			children = (
				53BE6B491A369ADD0022216E /* Foundation.framework */,
				53BE6B4B1A369ADD0022216E /* CoreGraphics.framework */,
				53BE6B4D1A369ADD0022216E /* UIKit.framework */,
				53BE6B621A369ADD0022216E /* XCTest.framework */,
			);
			name = Frameworks;
			sourceTree = "<group>";
		};
		53BE6B4F1A369ADD0022216E /* 2048游戏 */ = {
			isa = PBXGroup;
			children = (
				53BE6B581A369ADD0022216E /* AppDelegate.h */,
				53BE6B591A369ADD0022216E /* AppDelegate.m */,
				53BE6B5B1A369ADD0022216E /* Images.xcassets */,
				53BE6B501A369ADD0022216E /* Supporting Files */,
			);
			path = "2048游戏";
			sourceTree = "<group>";
		};
		53BE6B501A369ADD0022216E /* Supporting Files */ = {
			isa = PBXGroup;
			children = (
				53BE6B511A369ADD0022216E /* 2048游戏-Info.plist */,
				53BE6B521A369ADD0022216E /* InfoPlist.strings */,
				53BE6B551A369ADD0022216E /* main.m */,
				53BE6B571A369ADD0022216E /* 2048游戏-Prefix.pch */,
			);
			name = "Supporting Files";
			sourceTree = "<group>";
		};
		53BE6B681A369ADD0022216E /* 2048游戏Tests */ = {
			isa = PBXGroup;
			children = (
				53BE6B6E1A369ADD0022216E /* _048__Tests.m */,
				53BE6B691A369ADD0022216E /* Supporting Files */,
			);
			path = "2048游戏Tests";
			sourceTree = "<group>";
		};
		53BE6B691A369ADD0022216E /* Supporting Files */ = {
			isa = PBXGroup;
			children = (
				53BE6B6A1A369ADD0022216E /* 2048游戏Tests-Info.plist */,
				53BE6B6B1A369ADD0022216E /* InfoPlist.strings */,
			);
			name = "Supporting Files";
			sourceTree = "<group>";
		};
/* End PBXGroup section */

/* Begin PBXNativeTarget section */
		53BE6B451A369ADD0022216E /* 2048游戏 */ = {
			isa = PBXNativeTarget;
			buildConfigurationList = 53BE6B721A369ADD0022216E /* Build configuration list for PBXNativeTarget "2048游戏" */;
			buildPhases = (
				53BE6B421A369ADD0022216E /* Sources */,
				53BE6B431A369ADD0022216E /* Frameworks */,
				53BE6B441A369ADD0022216E /* Resources */,
			);
			buildRules = (
			);
			dependencies = (
			);
			name = "2048游戏";
			productName = "2048游戏";
			productReference = 53BE6B461A369ADD0022216E /* 2048游戏.app */;
			productType = "com.apple.product-type.application";
		};
		53BE6B601A369ADD0022216E /* 2048游戏Tests */ = {
			isa = PBXNativeTarget;
			buildConfigurationList = 53BE6B751A369ADD0022216E /* Build configuration list for PBXNativeTarget "2048游戏Tests" */;
			buildPhases = (
				53BE6B5D1A369ADD0022216E /* Sources */,
				53BE6B5E1A369ADD0022216E /* Frameworks */,
				53BE6B5F1A369ADD0022216E /* Resources */,
			);
			buildRules = (
			);
			dependencies = (
				53BE6B671A369ADD0022216E /* PBXTargetDependency */,
			);
			name = "2048游戏Tests";
			productName = "2048游戏Tests";
			productReference = 53BE6B611A369ADD0022216E /* 2048游戏Tests.xctest */;
			productType = "com.apple.product-type.bundle.unit-test";
		};
/* End PBXNativeTarget section */

/* Begin PBXProject section */
		53BE6B3E1A369ADD0022216E /* Project object */ = {
			isa = PBXProject;
			attributes = {
				LastUpgradeCheck = 0510;
				ORGANIZATIONNAME = Qzy;
				TargetAttributes = {
					53BE6B601A369ADD0022216E = {
						TestTargetID = 53BE6B451A369ADD0022216E;
					};
				};
			};
			buildConfigurationList = 53BE6B411A369ADD0022216E /* Build configuration list for PBXProject "2048游戏" */;
			compatibilityVersion = "Xcode 3.2";
			developmentRegion = English;
			hasScannedForEncodings = 0;
			knownRegions = (
				en,
			);
			mainGroup = 53BE6B3D1A369ADD0022216E;
			productRefGroup = 53BE6B471A369ADD0022216E /* Products */;
			projectDirPath = "";
			projectRoot = "";
			targets = (
				53BE6B451A369ADD0022216E /* 2048游戏 */,
				53BE6B601A369ADD0022216E /* 2048游戏Tests */,
			);
		};
/* End PBXProject section */

/* Begin PBXResourcesBuildPhase section */
		53BE6B441A369ADD0022216E /* Resources */ = {
			isa = PBXResourcesBuildPhase;
			buildActionMask = 2147483647;
			files = (
				53BE6B541A369ADD0022216E /* InfoPlist.strings in Resources */,
				53BE6B5C1A369ADD0022216E /* Images.xcassets in Resources */,
			);
			runOnlyForDeploymentPostprocessing = 0;
		};
		53BE6B5F1A369ADD0022216E /* Resources */ = {
			isa = PBXResourcesBuildPhase;
			buildActionMask = 2147483647;
			files = (
				53BE6B6D1A369ADD0022216E /* InfoPlist.strings in Resources */,
			);
			runOnlyForDeploymentPostprocessing = 0;
		};
/* End PBXResourcesBuildPhase section */

/* Begin PBXSourcesBuildPhase section */
		53BE6B421A369ADD0022216E /* Sources */ = {
			isa = PBXSourcesBuildPhase;
			buildActionMask = 2147483647;
			files = (
				53BE6B5A1A369ADD0022216E /* AppDelegate.m in Sources */,
				53BE6B561A369ADD0022216E /* main.m in Sources */,
			);
			runOnlyForDeploymentPostprocessing = 0;
		};
		53BE6B5D1A369ADD0022216E /* Sources */ = {
			isa = PBXSourcesBuildPhase;
			buildActionMask = 2147483647;
			files = (
				53BE6B6F1A369ADD0022216E /* _048__Tests.m in Sources */,
			);
			runOnlyForDeploymentPostprocessing = 0;
		};
/* End PBXSourcesBuildPhase section */

/* Begin PBXTargetDependency section */
		53BE6B671A369ADD0022216E /* PBXTargetDependency */ = {
			isa = PBXTargetDependency;
			target = 53BE6B451A369ADD0022216E /* 2048游戏 */;
			targetProxy = 53BE6B661A369ADD0022216E /* PBXContainerItemProxy */;
		};
/* End PBXTargetDependency section */

/* Begin PBXVariantGroup section */
		53BE6B521A369ADD0022216E /* InfoPlist.strings */ = {
			isa = PBXVariantGroup;
			children = (
				53BE6B531A369ADD0022216E /* en */,
			);
			name = InfoPlist.strings;
			sourceTree = "<group>";
		};
		53BE6B6B1A369ADD0022216E /* InfoPlist.strings */ = {
			isa = PBXVariantGroup;
			children = (
				53BE6B6C1A369ADD0022216E /* en */,
			);
			name = InfoPlist.strings;
			sourceTree = "<group>";
		};
/* End PBXVariantGroup section */

/* Begin XCBuildConfiguration section */
		53BE6B701A369ADD0022216E /* Debug */ = {
			isa = XCBuildConfiguration;
			buildSettings = {
				ALWAYS_SEARCH_USER_PATHS = NO;
				CLANG_CXX_LANGUAGE_STANDARD = "gnu++0x";
				CLANG_CXX_LIBRARY = "libc++";
				CLANG_ENABLE_MODULES = YES;
				CLANG_ENABLE_OBJC_ARC = YES;
				CLANG_WARN_BOOL_CONVERSION = YES;
				CLANG_WARN_CONSTANT_CONVERSION = YES;
				CLANG_WARN_DIRECT_OBJC_ISA_USAGE = YES_ERROR;
				CLANG_WARN_EMPTY_BODY = YES;
				CLANG_WARN_ENUM_CONVERSION = YES;
				CLANG_WARN_INT_CONVERSION = YES;
				CLANG_WARN_OBJC_ROOT_CLASS = YES_ERROR;
				CLANG_WARN__DUPLICATE_METHOD_MATCH = YES;
				"CODE_SIGN_IDENTITY[sdk=iphoneos*]" = "iPhone Developer";
				COPY_PHASE_STRIP = NO;
				GCC_C_LANGUAGE_STANDARD = gnu99;
				GCC_DYNAMIC_NO_PIC = NO;
				GCC_OPTIMIZATION_LEVEL = 0;
				GCC_PREPROCESSOR_DEFINITIONS = (
					"DEBUG=1",
					"$(inherited)",
				);
				GCC_SYMBOLS_PRIVATE_EXTERN = NO;
				GCC_WARN_64_TO_32_BIT_CONVERSION = YES;
				GCC_WARN_ABOUT_RETURN_TYPE = YES_ERROR;
				GCC_WARN_UNDECLARED_SELECTOR = YES;
				GCC_WARN_UNINITIALIZED_AUTOS = YES_AGGRESSIVE;
				GCC_WARN_UNUSED_FUNCTION = YES;
				GCC_WARN_UNUSED_VARIABLE = YES;
				IPHONEOS_DEPLOYMENT_TARGET = 7.1;
				ONLY_ACTIVE_ARCH = YES;
				SDKROOT = iphoneos;
			};
			name = Debug;
		};
		53BE6B711A369ADD0022216E /* Release */ = {
			isa = XCBuildConfiguration;
			buildSettings = {
				ALWAYS_SEARCH_USER_PATHS = NO;
				CLANG_CXX_LANGUAGE_STANDARD = "gnu++0x";
				CLANG_CXX_LIBRARY = "libc++";
				CLANG_ENABLE_MODULES = YES;
				CLANG_ENABLE_OBJC_ARC = YES;
				CLANG_WARN_BOOL_CONVERSION = YES;
				CLANG_WARN_CONSTANT_CONVERSION = YES;
				CLANG_WARN_DIRECT_OBJC_ISA_USAGE = YES_ERROR;
				CLANG_WARN_EMPTY_BODY = YES;
				CLANG_WARN_ENUM_CONVERSION = YES;
				CLANG_WARN_INT_CONVERSION = YES;
				CLANG_WARN_OBJC_ROOT_CLASS = YES_ERROR;
				CLANG_WARN__DUPLICATE_METHOD_MATCH = YES;
				"CODE_SIGN_IDENTITY[sdk=iphoneos*]" = "iPhone Developer";
				COPY_PHASE_STRIP = YES;
				ENABLE_NS_ASSERTIONS = NO;
				GCC_C_LANGUAGE_STANDARD = gnu99;
				GCC_WARN_64_TO_32_BIT_CONVERSION = YES;
				GCC_WARN_ABOUT_RETURN_TYPE = YES_ERROR;
				GCC_WARN_UNDECLARED_SELECTOR = YES;
				GCC_WARN_UNINITIALIZED_AUTOS = YES_AGGRESSIVE;
				GCC_WARN_UNUSED_FUNCTION = YES;
				GCC_WARN_UNUSED_VARIABLE = YES;
				IPHONEOS_DEPLOYMENT_TARGET = 7.1;
				SDKROOT = iphoneos;
				VALIDATE_PRODUCT = YES;
			};
			name = Release;
		};
		53BE6B731A369ADD0022216E /* Debug */ = {
			isa = XCBuildConfiguration;
			buildSettings = {
				ASSETCATALOG_COMPILER_APPICON_NAME = AppIcon;
				ASSETCATALOG_COMPILER_LAUNCHIMAGE_NAME = LaunchImage;
				GCC_PRECOMPILE_PREFIX_HEADER = YES;
				GCC_PREFIX_HEADER = "2048游戏/2048游戏-Prefix.pch";
				INFOPLIST_FILE = "2048游戏/2048游戏-Info.plist";
				PRODUCT_NAME = "$(TARGET_NAME)";
				WRAPPER_EXTENSION = app;
			};
			name = Debug;
		};
		53BE6B741A369ADD0022216E /* Release */ = {
			isa = XCBuildConfiguration;
			buildSettings = {
				ASSETCATALOG_COMPILER_APPICON_NAME = AppIcon;
				ASSETCATALOG_COMPILER_LAUNCHIMAGE_NAME = LaunchImage;
				GCC_PRECOMPILE_PREFIX_HEADER = YES;
				GCC_PREFIX_HEADER = "2048游戏/2048游戏-Prefix.pch";
				INFOPLIST_FILE = "2048游戏/2048游戏-Info.plist";
				PRODUCT_NAME = "$(TARGET_NAME)";
				WRAPPER_EXTENSION = app;
			};
			name = Release;
		};
		53BE6B761A369ADD0022216E /* Debug */ = {
			isa = XCBuildConfiguration;
			buildSettings = {
				BUNDLE_LOADER = "$(BUILT_PRODUCTS_DIR)/2048游戏.app/2048游戏";
				FRAMEWORK_SEARCH_PATHS = (
					"$(SDKROOT)/Developer/Library/Frameworks",
					"$(inherited)",
					"$(DEVELOPER_FRAMEWORKS_DIR)",
				);
				GCC_PRECOMPILE_PREFIX_HEADER = YES;
				GCC_PREFIX_HEADER = "2048游戏/2048游戏-Prefix.pch";
				GCC_PREPROCESSOR_DEFINITIONS = (
					"DEBUG=1",
					"$(inherited)",
				);
				INFOPLIST_FILE = "2048游戏Tests/2048游戏Tests-Info.plist";
				PRODUCT_NAME = "$(TARGET_NAME)";
				TEST_HOST = "$(BUNDLE_LOADER)";
				WRAPPER_EXTENSION = xctest;
			};
			name = Debug;
		};
		53BE6B771A369ADD0022216E /* Release */ = {
			isa = XCBuildConfiguration;
			buildSettings = {
				BUNDLE_LOADER = "$(BUILT_PRODUCTS_DIR)/2048游戏.app/2048游戏";
				FRAMEWORK_SEARCH_PATHS = (
					"$(SDKROOT)/Developer/Library/Frameworks",
					"$(inherited)",
					"$(DEVELOPER_FRAMEWORKS_DIR)",
				);
				GCC_PRECOMPILE_PREFIX_HEADER = YES;
				GCC_PREFIX_HEADER = "2048游戏/2048游戏-Prefix.pch";
				INFOPLIST_FILE = "2048游戏Tests/2048游戏Tests-Info.plist";
				PRODUCT_NAME = "$(TARGET_NAME)";
				TEST_HOST = "$(BUNDLE_LOADER)";
				WRAPPER_EXTENSION = xctest;
			};
			name = Release;
		};
/* End XCBuildConfiguration section */

/* Begin XCConfigurationList section */
		53BE6B411A369ADD0022216E /* Build configuration list for PBXProject "2048游戏" */ = {
			isa = XCConfigurationList;
			buildConfigurations = (
				53BE6B701A369ADD0022216E /* Debug */,
				53BE6B711A369ADD0022216E /* Release */,
			);
			defaultConfigurationIsVisible = 0;
			defaultConfigurationName = Release;
		};
		53BE6B721A369ADD0022216E /* Build configuration list for PBXNativeTarget "2048游戏" */ = {
			isa = XCConfigurationList;
			buildConfigurations = (
				53BE6B731A369ADD0022216E /* Debug */,
				53BE6B741A369ADD0022216E /* Release */,
			);
			defaultConfigurationIsVisible = 0;
		};
		53BE6B751A369ADD0022216E /* Build configuration list for PBXNativeTarget "2048游戏Tests" */ = {
			isa = XCConfigurationList;
			buildConfigurations = (
				53BE6B761A369ADD0022216E /* Debug */,
				53BE6B771A369ADD0022216E /* Release */,
			);
			defaultConfigurationIsVisible = 0;
		};
/* End XCConfigurationList section */
	};
	rootObject = 53BE6B3E1A369ADD0022216E /* Project object */;
}
